
Microsoft Visual Studio Solution File, Format Version 12.00
# Visual Studio Version 17
VisualStudioVersion = 17.0.31903.59
MinimumVisualStudioVersion = 10.0.40219.1
Project("{FAE04EC0-301F-11D3-BF4B-00C04F79EFBC}") = "Identity", "Identity\Identity.csproj", "{17FC9DE0-EDEB-4C12-A7CE-490D0E680C77}"
EndProject
Global
	GlobalSection(SolutionConfigurationPlatforms) = preSolution
		Debug|Any CPU = Debug|Any CPU
		Release|Any CPU = Release|Any CPU
	EndGlobalSection
	GlobalSection(SolutionProperties) = preSolution
		HideSolutionNode = FALSE
	EndGlobalSection
	GlobalSection(ProjectConfigurationPlatforms) = postSolution
		{17FC9DE0-EDEB-4C12-A7CE-490D0E680C77}.Debug|Any CPU.ActiveCfg = Debug|Any CPU
		{17FC9DE0-EDEB-4C12-A7CE-490D0E680C77}.Debug|Any CPU.Build.0 = Debug|Any CPU
		{17FC9DE0-EDEB-4C12-A7CE-490D0E680C77}.Release|Any CPU.ActiveCfg = Release|Any CPU
		{17FC9DE0-EDEB-4C12-A7CE-490D0E680C77}.Release|Any CPU.Build.0 = Release|Any CPU
	EndGlobalSection
EndGlobal
